
Microsoft Visual Studio Solution File, Format Version 12.00
# Visual Studio 15
VisualStudioVersion = 15.0.28307.1778
MinimumVisualStudioVersion = 10.0.40219.1
Project("{FAE04EC0-301F-11D3-BF4B-00C04F79EFBC}") = "ThunderFireHomeAdmin", "ThunderFireHomeAdmin\ThunderFireHomeAdmin.csproj", "{6860CEDA-DBD0-443D-8559-6077F4F08FB5}"
EndProject
Project("{FAE04EC0-301F-11D3-BF4B-00C04F79EFBC}") = "ThunderFire.Interface", "ThunderFire.Interface\ThunderFire.Interface.csproj", "{75C1E1D1-5B16-46E8-9967-8B594A8AD2F9}"
EndProject
Project("{FAE04EC0-301F-11D3-BF4B-00C04F79EFBC}") = "ThunderFire.Domain", "ThunderFire.Domain\ThunderFire.Domain.csproj", "{FF889CB2-6CE9-4B9A-B04A-30A145CA850C}"
EndProject
Project("{FAE04EC0-301F-11D3-BF4B-00C04F79EFBC}") = "ThunderFire.Connector", "ThunderFire.Connector\ThunderFire.Connector.csproj", "{9FA228C0-B9C8-4AB1-963B-183B528BE942}"
EndProject
Project("{FAE04EC0-301F-11D3-BF4B-00C04F79EFBC}") = "DbScripts", "DbScripts\DbScripts.csproj", "{83F08A2B-51EF-4D25-86F0-CAFF5119F1DB}"
EndProject
Global
	GlobalSection(SolutionConfigurationPlatforms) = preSolution
		Debug|Any CPU = Debug|Any CPU
		Release|Any CPU = Release|Any CPU
	EndGlobalSection
	GlobalSection(ProjectConfigurationPlatforms) = postSolution
		{6860CEDA-DBD0-443D-8559-6077F4F08FB5}.Debug|Any CPU.ActiveCfg = Debug|Any CPU
		{6860CEDA-DBD0-443D-8559-6077F4F08FB5}.Debug|Any CPU.Build.0 = Debug|Any CPU
		{6860CEDA-DBD0-443D-8559-6077F4F08FB5}.Release|Any CPU.ActiveCfg = Release|Any CPU
		{6860CEDA-DBD0-443D-8559-6077F4F08FB5}.Release|Any CPU.Build.0 = Release|Any CPU
		{75C1E1D1-5B16-46E8-9967-8B594A8AD2F9}.Debug|Any CPU.ActiveCfg = Debug|Any CPU
		{75C1E1D1-5B16-46E8-9967-8B594A8AD2F9}.Debug|Any CPU.Build.0 = Debug|Any CPU
		{75C1E1D1-5B16-46E8-9967-8B594A8AD2F9}.Release|Any CPU.ActiveCfg = Release|Any CPU
		{75C1E1D1-5B16-46E8-9967-8B594A8AD2F9}.Release|Any CPU.Build.0 = Release|Any CPU
		{FF889CB2-6CE9-4B9A-B04A-30A145CA850C}.Debug|Any CPU.ActiveCfg = Debug|Any CPU
		{FF889CB2-6CE9-4B9A-B04A-30A145CA850C}.Debug|Any CPU.Build.0 = Debug|Any CPU
		{FF889CB2-6CE9-4B9A-B04A-30A145CA850C}.Release|Any CPU.ActiveCfg = Release|Any CPU
		{FF889CB2-6CE9-4B9A-B04A-30A145CA850C}.Release|Any CPU.Build.0 = Release|Any CPU
		{9FA228C0-B9C8-4AB1-963B-183B528BE942}.Debug|Any CPU.ActiveCfg = Debug|Any CPU
		{9FA228C0-B9C8-4AB1-963B-183B528BE942}.Debug|Any CPU.Build.0 = Debug|Any CPU
		{9FA228C0-B9C8-4AB1-963B-183B528BE942}.Release|Any CPU.ActiveCfg = Release|Any CPU
		{9FA228C0-B9C8-4AB1-963B-183B528BE942}.Release|Any CPU.Build.0 = Release|Any CPU
		{83F08A2B-51EF-4D25-86F0-CAFF5119F1DB}.Debug|Any CPU.ActiveCfg = Debug|Any CPU
		{83F08A2B-51EF-4D25-86F0-CAFF5119F1DB}.Debug|Any CPU.Build.0 = Debug|Any CPU
		{83F08A2B-51EF-4D25-86F0-CAFF5119F1DB}.Release|Any CPU.ActiveCfg = Release|Any CPU
		{83F08A2B-51EF-4D25-86F0-CAFF5119F1DB}.Release|Any CPU.Build.0 = Release|Any CPU
	EndGlobalSection
	GlobalSection(SolutionProperties) = preSolution
		HideSolutionNode = FALSE
	EndGlobalSection
	GlobalSection(ExtensibilityGlobals) = postSolution
		SolutionGuid = {2670E19C-F77F-48D0-A3E8-90ED42E1116A}
	EndGlobalSection
EndGlobal
