
Microsoft Visual Studio Solution File, Format Version 12.00
# Visual Studio 15
VisualStudioVersion = 15.0.28307.1778
MinimumVisualStudioVersion = 10.0.40219.1
Project("{FAE04EC0-301F-11D3-BF4B-00C04F79EFBC}") = "ThunderBox", "ThunderBox\ThunderBox.csproj", "{FAC94544-FC36-4BF6-AFD4-7B46BDA84F3E}"
EndProject
Global
	GlobalSection(SolutionConfigurationPlatforms) = preSolution
		Debug|Any CPU = Debug|Any CPU
		Release|Any CPU = Release|Any CPU
	EndGlobalSection
	GlobalSection(ProjectConfigurationPlatforms) = postSolution
		{FAC94544-FC36-4BF6-AFD4-7B46BDA84F3E}.Debug|Any CPU.ActiveCfg = Debug|Any CPU
		{FAC94544-FC36-4BF6-AFD4-7B46BDA84F3E}.Debug|Any CPU.Build.0 = Debug|Any CPU
		{FAC94544-FC36-4BF6-AFD4-7B46BDA84F3E}.Release|Any CPU.ActiveCfg = Release|Any CPU
		{FAC94544-FC36-4BF6-AFD4-7B46BDA84F3E}.Release|Any CPU.Build.0 = Release|Any CPU
	EndGlobalSection
	GlobalSection(SolutionProperties) = preSolution
		HideSolutionNode = FALSE
	EndGlobalSection
	GlobalSection(ExtensibilityGlobals) = postSolution
		SolutionGuid = {88D9578B-7FC3-49D8-89E3-1D303BE89321}
	EndGlobalSection
EndGlobal
